
Microsoft Visual Studio Solution File, Format Version 12.00
# Visual Studio Version 17
VisualStudioVersion = 17.11.35327.3
MinimumVisualStudioVersion = 10.0.40219.1
Project("{FAE04EC0-301F-11D3-BF4B-00C04F79EFBC}") = "ProjetoRabbitMQ", "ProjetoRabbitMQ\ProjetoRabbitMQ.csproj", "{AC89A220-946B-4C07-9A0B-F8141DF4BEE0}"
EndProject
Global
	GlobalSection(SolutionConfigurationPlatforms) = preSolution
		Debug|Any CPU = Debug|Any CPU
		Release|Any CPU = Release|Any CPU
	EndGlobalSection
	GlobalSection(ProjectConfigurationPlatforms) = postSolution
		{AC89A220-946B-4C07-9A0B-F8141DF4BEE0}.Debug|Any CPU.ActiveCfg = Debug|Any CPU
		{AC89A220-946B-4C07-9A0B-F8141DF4BEE0}.Debug|Any CPU.Build.0 = Debug|Any CPU
		{AC89A220-946B-4C07-9A0B-F8141DF4BEE0}.Release|Any CPU.ActiveCfg = Release|Any CPU
		{AC89A220-946B-4C07-9A0B-F8141DF4BEE0}.Release|Any CPU.Build.0 = Release|Any CPU
	EndGlobalSection
	GlobalSection(SolutionProperties) = preSolution
		HideSolutionNode = FALSE
	EndGlobalSection
	GlobalSection(ExtensibilityGlobals) = postSolution
		SolutionGuid = {95A14AA2-5210-429C-B33F-991BEF11191F}
	EndGlobalSection
EndGlobal
